// !$*UTF8*$!
{
	archiveVersion = 1;
	classes = {
	};
	objectVersion = 56;
	objects = {

/* Begin PBXBuildFile section */
		683D20952ABA5CB900DF1559 /* MapAppSwiftUIApp.swift in Sources */ = {isa = PBXBuildFile; fileRef = 683D20942ABA5CB900DF1559 /* MapAppSwiftUIApp.swift */; };
		683D20972ABA5CB900DF1559 /* ContentView.swift in Sources */ = {isa = PBXBuildFile; fileRef = 683D20962ABA5CB900DF1559 /* ContentView.swift */; };
		683D20992ABA5CBB00DF1559 /* Assets.xcassets in Resources */ = {isa = PBXBuildFile; fileRef = 683D20982ABA5CBB00DF1559 /* Assets.xcassets */; };
		683D209C2ABA5CBB00DF1559 /* Preview Assets.xcassets in Resources */ = {isa = PBXBuildFile; fileRef = 683D209B2ABA5CBB00DF1559 /* Preview Assets.xcassets */; };
		683D20A62ABA5CBB00DF1559 /* MapAppSwiftUITests.swift in Sources */ = {isa = PBXBuildFile; fileRef = 683D20A52ABA5CBB00DF1559 /* MapAppSwiftUITests.swift */; };
		683D20B02ABA5CBB00DF1559 /* MapAppSwiftUIUITests.swift in Sources */ = {isa = PBXBuildFile; fileRef = 683D20AF2ABA5CBB00DF1559 /* MapAppSwiftUIUITests.swift */; };
		683D20B22ABA5CBB00DF1559 /* MapAppSwiftUIUITestsLaunchTests.swift in Sources */ = {isa = PBXBuildFile; fileRef = 683D20B12ABA5CBB00DF1559 /* MapAppSwiftUIUITestsLaunchTests.swift */; };
		683D20C22ABB541300DF1559 /* Location.swift in Sources */ = {isa = PBXBuildFile; fileRef = 683D20C12ABB541300DF1559 /* Location.swift */; };
		683D20C52ABB54E900DF1559 /* LocationsDataService.swift in Sources */ = {isa = PBXBuildFile; fileRef = 683D20C42ABB54E900DF1559 /* LocationsDataService.swift */; };
		683D20C72ABCA99F00DF1559 /* LocationsView.swift in Sources */ = {isa = PBXBuildFile; fileRef = 683D20C62ABCA99F00DF1559 /* LocationsView.swift */; };
		683D20C92ABCACD400DF1559 /* LocationsViewModel.swift in Sources */ = {isa = PBXBuildFile; fileRef = 683D20C82ABCACD400DF1559 /* LocationsViewModel.swift */; };
		683D20CB2ABCC9F600DF1559 /* LocationsListView.swift in Sources */ = {isa = PBXBuildFile; fileRef = 683D20CA2ABCC9F600DF1559 /* LocationsListView.swift */; };
		683D20CD2ABDEA9500DF1559 /* LocationPreviewView.swift in Sources */ = {isa = PBXBuildFile; fileRef = 683D20CC2ABDEA9500DF1559 /* LocationPreviewView.swift */; };
		683D20CF2ABF1F4500DF1559 /* LocationMapAnnotationView.swift in Sources */ = {isa = PBXBuildFile; fileRef = 683D20CE2ABF1F4500DF1559 /* LocationMapAnnotationView.swift */; };
/* End PBXBuildFile section */

/* Begin PBXContainerItemProxy section */
		683D20A22ABA5CBB00DF1559 /* PBXContainerItemProxy */ = {
			isa = PBXContainerItemProxy;
			containerPortal = 683D20892ABA5CB900DF1559 /* Project object */;
			proxyType = 1;
			remoteGlobalIDString = 683D20902ABA5CB900DF1559;
			remoteInfo = MapAppSwiftUI;
		};
		683D20AC2ABA5CBB00DF1559 /* PBXContainerItemProxy */ = {
			isa = PBXContainerItemProxy;
			containerPortal = 683D20892ABA5CB900DF1559 /* Project object */;
			proxyType = 1;
			remoteGlobalIDString = 683D20902ABA5CB900DF1559;
			remoteInfo = MapAppSwiftUI;
		};
/* End PBXContainerItemProxy section */

/* Begin PBXFileReference section */
		683D20912ABA5CB900DF1559 /* MapAppSwiftUI.app */ = {isa = PBXFileReference; explicitFileType = wrapper.application; includeInIndex = 0; path = MapAppSwiftUI.app; sourceTree = BUILT_PRODUCTS_DIR; };
		683D20942ABA5CB900DF1559 /* MapAppSwiftUIApp.swift */ = {isa = PBXFileReference; lastKnownFileType = sourcecode.swift; path = MapAppSwiftUIApp.swift; sourceTree = "<group>"; };
		683D20962ABA5CB900DF1559 /* ContentView.swift */ = {isa = PBXFileReference; lastKnownFileType = sourcecode.swift; path = ContentView.swift; sourceTree = "<group>"; };
		683D20982ABA5CBB00DF1559 /* Assets.xcassets */ = {isa = PBXFileReference; lastKnownFileType = folder.assetcatalog; path = Assets.xcassets; sourceTree = "<group>"; };
		683D209B2ABA5CBB00DF1559 /* Preview Assets.xcassets */ = {isa = PBXFileReference; lastKnownFileType = folder.assetcatalog; path = "Preview Assets.xcassets"; sourceTree = "<group>"; };
		683D20A12ABA5CBB00DF1559 /* MapAppSwiftUITests.xctest */ = {isa = PBXFileReference; explicitFileType = wrapper.cfbundle; includeInIndex = 0; path = MapAppSwiftUITests.xctest; sourceTree = BUILT_PRODUCTS_DIR; };
		683D20A52ABA5CBB00DF1559 /* MapAppSwiftUITests.swift */ = {isa = PBXFileReference; lastKnownFileType = sourcecode.swift; path = MapAppSwiftUITests.swift; sourceTree = "<group>"; };
		683D20AB2ABA5CBB00DF1559 /* MapAppSwiftUIUITests.xctest */ = {isa = PBXFileReference; explicitFileType = wrapper.cfbundle; includeInIndex = 0; path = MapAppSwiftUIUITests.xctest; sourceTree = BUILT_PRODUCTS_DIR; };
		683D20AF2ABA5CBB00DF1559 /* MapAppSwiftUIUITests.swift */ = {isa = PBXFileReference; lastKnownFileType = sourcecode.swift; path = MapAppSwiftUIUITests.swift; sourceTree = "<group>"; };
		683D20B12ABA5CBB00DF1559 /* MapAppSwiftUIUITestsLaunchTests.swift */ = {isa = PBXFileReference; lastKnownFileType = sourcecode.swift; path = MapAppSwiftUIUITestsLaunchTests.swift; sourceTree = "<group>"; };
		683D20C12ABB541300DF1559 /* Location.swift */ = {isa = PBXFileReference; lastKnownFileType = sourcecode.swift; path = Location.swift; sourceTree = "<group>"; };
		683D20C42ABB54E900DF1559 /* LocationsDataService.swift */ = {isa = PBXFileReference; fileEncoding = 4; lastKnownFileType = sourcecode.swift; path = LocationsDataService.swift; sourceTree = "<group>"; };
		683D20C62ABCA99F00DF1559 /* LocationsView.swift */ = {isa = PBXFileReference; lastKnownFileType = sourcecode.swift; path = LocationsView.swift; sourceTree = "<group>"; };
		683D20C82ABCACD400DF1559 /* LocationsViewModel.swift */ = {isa = PBXFileReference; lastKnownFileType = sourcecode.swift; path = LocationsViewModel.swift; sourceTree = "<group>"; };
		683D20CA2ABCC9F600DF1559 /* LocationsListView.swift */ = {isa = PBXFileReference; lastKnownFileType = sourcecode.swift; path = LocationsListView.swift; sourceTree = "<group>"; };
		683D20CC2ABDEA9500DF1559 /* LocationPreviewView.swift */ = {isa = PBXFileReference; lastKnownFileType = sourcecode.swift; path = LocationPreviewView.swift; sourceTree = "<group>"; };
		683D20CE2ABF1F4500DF1559 /* LocationMapAnnotationView.swift */ = {isa = PBXFileReference; lastKnownFileType = sourcecode.swift; path = LocationMapAnnotationView.swift; sourceTree = "<group>"; };
/* End PBXFileReference section */

/* Begin PBXFrameworksBuildPhase section */
		683D208E2ABA5CB900DF1559 /* Frameworks */ = {
			isa = PBXFrameworksBuildPhase;
			buildActionMask = 2147483647;
			files = (
			);
			runOnlyForDeploymentPostprocessing = 0;
		};
		683D209E2ABA5CBB00DF1559 /* Frameworks */ = {
			isa = PBXFrameworksBuildPhase;
			buildActionMask = 2147483647;
			files = (
			);
			runOnlyForDeploymentPostprocessing = 0;
		};
		683D20A82ABA5CBB00DF1559 /* Frameworks */ = {
			isa = PBXFrameworksBuildPhase;
			buildActionMask = 2147483647;
			files = (
			);
			runOnlyForDeploymentPostprocessing = 0;
		};
/* End PBXFrameworksBuildPhase section */

/* Begin PBXGroup section */
		683D20882ABA5CB900DF1559 = {
			isa = PBXGroup;
			children = (
				683D20932ABA5CB900DF1559 /* MapAppSwiftUI */,
				683D20A42ABA5CBB00DF1559 /* MapAppSwiftUITests */,
				683D20AE2ABA5CBB00DF1559 /* MapAppSwiftUIUITests */,
				683D20922ABA5CB900DF1559 /* Products */,
			);
			sourceTree = "<group>";
		};
		683D20922ABA5CB900DF1559 /* Products */ = {
			isa = PBXGroup;
			children = (
				683D20912ABA5CB900DF1559 /* MapAppSwiftUI.app */,
				683D20A12ABA5CBB00DF1559 /* MapAppSwiftUITests.xctest */,
				683D20AB2ABA5CBB00DF1559 /* MapAppSwiftUIUITests.xctest */,
			);
			name = Products;
			sourceTree = "<group>";
		};
		683D20932ABA5CB900DF1559 /* MapAppSwiftUI */ = {
			isa = PBXGroup;
			children = (
				683D20C32ABB54D300DF1559 /* DataServices */,
				683D20C02ABB53F500DF1559 /* ViewModels */,
				683D20BF2ABB53EF00DF1559 /* Views */,
				683D20BE2ABB53E700DF1559 /* Models */,
				683D20942ABA5CB900DF1559 /* MapAppSwiftUIApp.swift */,
				683D20962ABA5CB900DF1559 /* ContentView.swift */,
				683D20982ABA5CBB00DF1559 /* Assets.xcassets */,
				683D209A2ABA5CBB00DF1559 /* Preview Content */,
			);
			path = MapAppSwiftUI;
			sourceTree = "<group>";
		};
		683D209A2ABA5CBB00DF1559 /* Preview Content */ = {
			isa = PBXGroup;
			children = (
				683D209B2ABA5CBB00DF1559 /* Preview Assets.xcassets */,
			);
			path = "Preview Content";
			sourceTree = "<group>";
		};
		683D20A42ABA5CBB00DF1559 /* MapAppSwiftUITests */ = {
			isa = PBXGroup;
			children = (
				683D20A52ABA5CBB00DF1559 /* MapAppSwiftUITests.swift */,
			);
			path = MapAppSwiftUITests;
			sourceTree = "<group>";
		};
		683D20AE2ABA5CBB00DF1559 /* MapAppSwiftUIUITests */ = {
			isa = PBXGroup;
			children = (
				683D20AF2ABA5CBB00DF1559 /* MapAppSwiftUIUITests.swift */,
				683D20B12ABA5CBB00DF1559 /* MapAppSwiftUIUITestsLaunchTests.swift */,
			);
			path = MapAppSwiftUIUITests;
			sourceTree = "<group>";
		};
		683D20BE2ABB53E700DF1559 /* Models */ = {
			isa = PBXGroup;
			children = (
				683D20C12ABB541300DF1559 /* Location.swift */,
			);
			path = Models;
			sourceTree = "<group>";
		};
		683D20BF2ABB53EF00DF1559 /* Views */ = {
			isa = PBXGroup;
			children = (
				683D20C62ABCA99F00DF1559 /* LocationsView.swift */,
				683D20CA2ABCC9F600DF1559 /* LocationsListView.swift */,
				683D20CC2ABDEA9500DF1559 /* LocationPreviewView.swift */,
				683D20CE2ABF1F4500DF1559 /* LocationMapAnnotationView.swift */,
			);
			path = Views;
			sourceTree = "<group>";
		};
		683D20C02ABB53F500DF1559 /* ViewModels */ = {
			isa = PBXGroup;
			children = (
				683D20C82ABCACD400DF1559 /* LocationsViewModel.swift */,
			);
			path = ViewModels;
			sourceTree = "<group>";
		};
		683D20C32ABB54D300DF1559 /* DataServices */ = {
			isa = PBXGroup;
			children = (
				683D20C42ABB54E900DF1559 /* LocationsDataService.swift */,
			);
			path = DataServices;
			sourceTree = "<group>";
		};
/* End PBXGroup section */

/* Begin PBXNativeTarget section */
		683D20902ABA5CB900DF1559 /* MapAppSwiftUI */ = {
			isa = PBXNativeTarget;
			buildConfigurationList = 683D20B52ABA5CBB00DF1559 /* Build configuration list for PBXNativeTarget "MapAppSwiftUI" */;
			buildPhases = (
				683D208D2ABA5CB900DF1559 /* Sources */,
				683D208E2ABA5CB900DF1559 /* Frameworks */,
				683D208F2ABA5CB900DF1559 /* Resources */,
			);
			buildRules = (
			);
			dependencies = (
			);
			name = MapAppSwiftUI;
			productName = MapAppSwiftUI;
			productReference = 683D20912ABA5CB900DF1559 /* MapAppSwiftUI.app */;
			productType = "com.apple.product-type.application";
		};
		683D20A02ABA5CBB00DF1559 /* MapAppSwiftUITests */ = {
			isa = PBXNativeTarget;
			buildConfigurationList = 683D20B82ABA5CBB00DF1559 /* Build configuration list for PBXNativeTarget "MapAppSwiftUITests" */;
			buildPhases = (
				683D209D2ABA5CBB00DF1559 /* Sources */,
				683D209E2ABA5CBB00DF1559 /* Frameworks */,
				683D209F2ABA5CBB00DF1559 /* Resources */,
			);
			buildRules = (
			);
			dependencies = (
				683D20A32ABA5CBB00DF1559 /* PBXTargetDependency */,
			);
			name = MapAppSwiftUITests;
			productName = MapAppSwiftUITests;
			productReference = 683D20A12ABA5CBB00DF1559 /* MapAppSwiftUITests.xctest */;
			productType = "com.apple.product-type.bundle.unit-test";
		};
		683D20AA2ABA5CBB00DF1559 /* MapAppSwiftUIUITests */ = {
			isa = PBXNativeTarget;
			buildConfigurationList = 683D20BB2ABA5CBB00DF1559 /* Build configuration list for PBXNativeTarget "MapAppSwiftUIUITests" */;
			buildPhases = (
				683D20A72ABA5CBB00DF1559 /* Sources */,
				683D20A82ABA5CBB00DF1559 /* Frameworks */,
				683D20A92ABA5CBB00DF1559 /* Resources */,
			);
			buildRules = (
			);
			dependencies = (
				683D20AD2ABA5CBB00DF1559 /* PBXTargetDependency */,
			);
			name = MapAppSwiftUIUITests;
			productName = MapAppSwiftUIUITests;
			productReference = 683D20AB2ABA5CBB00DF1559 /* MapAppSwiftUIUITests.xctest */;
			productType = "com.apple.product-type.bundle.ui-testing";
		};
/* End PBXNativeTarget section */

/* Begin PBXProject section */
		683D20892ABA5CB900DF1559 /* Project object */ = {
			isa = PBXProject;
			attributes = {
				BuildIndependentTargetsInParallel = 1;
				LastSwiftUpdateCheck = 1430;
				LastUpgradeCheck = 1430;
				TargetAttributes = {
					683D20902ABA5CB900DF1559 = {
						CreatedOnToolsVersion = 14.3;
					};
					683D20A02ABA5CBB00DF1559 = {
						CreatedOnToolsVersion = 14.3;
						TestTargetID = 683D20902ABA5CB900DF1559;
					};
					683D20AA2ABA5CBB00DF1559 = {
						CreatedOnToolsVersion = 14.3;
						TestTargetID = 683D20902ABA5CB900DF1559;
					};
				};
			};
			buildConfigurationList = 683D208C2ABA5CB900DF1559 /* Build configuration list for PBXProject "MapAppSwiftUI" */;
			compatibilityVersion = "Xcode 14.0";
			developmentRegion = en;
			hasScannedForEncodings = 0;
			knownRegions = (
				en,
				Base,
			);
			mainGroup = 683D20882ABA5CB900DF1559;
			productRefGroup = 683D20922ABA5CB900DF1559 /* Products */;
			projectDirPath = "";
			projectRoot = "";
			targets = (
				683D20902ABA5CB900DF1559 /* MapAppSwiftUI */,
				683D20A02ABA5CBB00DF1559 /* MapAppSwiftUITests */,
				683D20AA2ABA5CBB00DF1559 /* MapAppSwiftUIUITests */,
			);
		};
/* End PBXProject section */

/* Begin PBXResourcesBuildPhase section */
		683D208F2ABA5CB900DF1559 /* Resources */ = {
			isa = PBXResourcesBuildPhase;
			buildActionMask = 2147483647;
			files = (
				683D209C2ABA5CBB00DF1559 /* Preview Assets.xcassets in Resources */,
				683D20992ABA5CBB00DF1559 /* Assets.xcassets in Resources */,
			);
			runOnlyForDeploymentPostprocessing = 0;
		};
		683D209F2ABA5CBB00DF1559 /* Resources */ = {
			isa = PBXResourcesBuildPhase;
			buildActionMask = 2147483647;
			files = (
			);
			runOnlyForDeploymentPostprocessing = 0;
		};
		683D20A92ABA5CBB00DF1559 /* Resources */ = {
			isa = PBXResourcesBuildPhase;
			buildActionMask = 2147483647;
			files = (
			);
			runOnlyForDeploymentPostprocessing = 0;
		};
/* End PBXResourcesBuildPhase section */

/* Begin PBXSourcesBuildPhase section */
		683D208D2ABA5CB900DF1559 /* Sources */ = {
			isa = PBXSourcesBuildPhase;
			buildActionMask = 2147483647;
			files = (
				683D20C52ABB54E900DF1559 /* LocationsDataService.swift in Sources */,
				683D20CF2ABF1F4500DF1559 /* LocationMapAnnotationView.swift in Sources */,
				683D20CB2ABCC9F600DF1559 /* LocationsListView.swift in Sources */,
				683D20CD2ABDEA9500DF1559 /* LocationPreviewView.swift in Sources */,
				683D20C92ABCACD400DF1559 /* LocationsViewModel.swift in Sources */,
				683D20972ABA5CB900DF1559 /* ContentView.swift in Sources */,
				683D20C72ABCA99F00DF1559 /* LocationsView.swift in Sources */,
				683D20C22ABB541300DF1559 /* Location.swift in Sources */,
				683D20952ABA5CB900DF1559 /* MapAppSwiftUIApp.swift in Sources */,
			);
			runOnlyForDeploymentPostprocessing = 0;
		};
		683D209D2ABA5CBB00DF1559 /* Sources */ = {
			isa = PBXSourcesBuildPhase;
			buildActionMask = 2147483647;
			files = (
				683D20A62ABA5CBB00DF1559 /* MapAppSwiftUITests.swift in Sources */,
			);
			runOnlyForDeploymentPostprocessing = 0;
		};
		683D20A72ABA5CBB00DF1559 /* Sources */ = {
			isa = PBXSourcesBuildPhase;
			buildActionMask = 2147483647;
			files = (
				683D20B02ABA5CBB00DF1559 /* MapAppSwiftUIUITests.swift in Sources */,
				683D20B22ABA5CBB00DF1559 /* MapAppSwiftUIUITestsLaunchTests.swift in Sources */,
			);
			runOnlyForDeploymentPostprocessing = 0;
		};
/* End PBXSourcesBuildPhase section */

/* Begin PBXTargetDependency section */
		683D20A32ABA5CBB00DF1559 /* PBXTargetDependency */ = {
			isa = PBXTargetDependency;
			target = 683D20902ABA5CB900DF1559 /* MapAppSwiftUI */;
			targetProxy = 683D20A22ABA5CBB00DF1559 /* PBXContainerItemProxy */;
		};
		683D20AD2ABA5CBB00DF1559 /* PBXTargetDependency */ = {
			isa = PBXTargetDependency;
			target = 683D20902ABA5CB900DF1559 /* MapAppSwiftUI */;
			targetProxy = 683D20AC2ABA5CBB00DF1559 /* PBXContainerItemProxy */;
		};
/* End PBXTargetDependency section */

/* Begin XCBuildConfiguration section */
		683D20B32ABA5CBB00DF1559 /* Debug */ = {
			isa = XCBuildConfiguration;
			buildSettings = {
				ALWAYS_SEARCH_USER_PATHS = NO;
				CLANG_ANALYZER_NONNULL = YES;
				CLANG_ANALYZER_NUMBER_OBJECT_CONVERSION = YES_AGGRESSIVE;
				CLANG_CXX_LANGUAGE_STANDARD = "gnu++20";
				CLANG_ENABLE_MODULES = YES;
				CLANG_ENABLE_OBJC_ARC = YES;
				CLANG_ENABLE_OBJC_WEAK = YES;
				CLANG_WARN_BLOCK_CAPTURE_AUTORELEASING = YES;
				CLANG_WARN_BOOL_CONVERSION = YES;
				CLANG_WARN_COMMA = YES;
				CLANG_WARN_CONSTANT_CONVERSION = YES;
				CLANG_WARN_DEPRECATED_OBJC_IMPLEMENTATIONS = YES;
				CLANG_WARN_DIRECT_OBJC_ISA_USAGE = YES_ERROR;
				CLANG_WARN_DOCUMENTATION_COMMENTS = YES;
				CLANG_WARN_EMPTY_BODY = YES;
				CLANG_WARN_ENUM_CONVERSION = YES;
				CLANG_WARN_INFINITE_RECURSION = YES;
				CLANG_WARN_INT_CONVERSION = YES;
				CLANG_WARN_NON_LITERAL_NULL_CONVERSION = YES;
				CLANG_WARN_OBJC_IMPLICIT_RETAIN_SELF = YES;
				CLANG_WARN_OBJC_LITERAL_CONVERSION = YES;
				CLANG_WARN_OBJC_ROOT_CLASS = YES_ERROR;
				CLANG_WARN_QUOTED_INCLUDE_IN_FRAMEWORK_HEADER = YES;
				CLANG_WARN_RANGE_LOOP_ANALYSIS = YES;
				CLANG_WARN_STRICT_PROTOTYPES = YES;
				CLANG_WARN_SUSPICIOUS_MOVE = YES;
				CLANG_WARN_UNGUARDED_AVAILABILITY = YES_AGGRESSIVE;
				CLANG_WARN_UNREACHABLE_CODE = YES;
				CLANG_WARN__DUPLICATE_METHOD_MATCH = YES;
				COPY_PHASE_STRIP = NO;
				DEBUG_INFORMATION_FORMAT = dwarf;
				ENABLE_STRICT_OBJC_MSGSEND = YES;
				ENABLE_TESTABILITY = YES;
				GCC_C_LANGUAGE_STANDARD = gnu11;
				GCC_DYNAMIC_NO_PIC = NO;
				GCC_NO_COMMON_BLOCKS = YES;
				GCC_OPTIMIZATION_LEVEL = 0;
				GCC_PREPROCESSOR_DEFINITIONS = (
					"DEBUG=1",
					"$(inherited)",
				);
				GCC_WARN_64_TO_32_BIT_CONVERSION = YES;
				GCC_WARN_ABOUT_RETURN_TYPE = YES_ERROR;
				GCC_WARN_UNDECLARED_SELECTOR = YES;
				GCC_WARN_UNINITIALIZED_AUTOS = YES_AGGRESSIVE;
				GCC_WARN_UNUSED_FUNCTION = YES;
				GCC_WARN_UNUSED_VARIABLE = YES;
				IPHONEOS_DEPLOYMENT_TARGET = 16.4;
				MTL_ENABLE_DEBUG_INFO = INCLUDE_SOURCE;
				MTL_FAST_MATH = YES;
				ONLY_ACTIVE_ARCH = YES;
				SDKROOT = iphoneos;
				SWIFT_ACTIVE_COMPILATION_CONDITIONS = DEBUG;
				SWIFT_OPTIMIZATION_LEVEL = "-Onone";
			};
			name = Debug;
		};
		683D20B42ABA5CBB00DF1559 /* Release */ = {
			isa = XCBuildConfiguration;
			buildSettings = {
				ALWAYS_SEARCH_USER_PATHS = NO;
				CLANG_ANALYZER_NONNULL = YES;
				CLANG_ANALYZER_NUMBER_OBJECT_CONVERSION = YES_AGGRESSIVE;
				CLANG_CXX_LANGUAGE_STANDARD = "gnu++20";
				CLANG_ENABLE_MODULES = YES;
				CLANG_ENABLE_OBJC_ARC = YES;
				CLANG_ENABLE_OBJC_WEAK = YES;
				CLANG_WARN_BLOCK_CAPTURE_AUTORELEASING = YES;
				CLANG_WARN_BOOL_CONVERSION = YES;
				CLANG_WARN_COMMA = YES;
				CLANG_WARN_CONSTANT_CONVERSION = YES;
				CLANG_WARN_DEPRECATED_OBJC_IMPLEMENTATIONS = YES;
				CLANG_WARN_DIRECT_OBJC_ISA_USAGE = YES_ERROR;
				CLANG_WARN_DOCUMENTATION_COMMENTS = YES;
				CLANG_WARN_EMPTY_BODY = YES;
				CLANG_WARN_ENUM_CONVERSION = YES;
				CLANG_WARN_INFINITE_RECURSION = YES;
				CLANG_WARN_INT_CONVERSION = YES;
				CLANG_WARN_NON_LITERAL_NULL_CONVERSION = YES;
				CLANG_WARN_OBJC_IMPLICIT_RETAIN_SELF = YES;
				CLANG_WARN_OBJC_LITERAL_CONVERSION = YES;
				CLANG_WARN_OBJC_ROOT_CLASS = YES_ERROR;
				CLANG_WARN_QUOTED_INCLUDE_IN_FRAMEWORK_HEADER = YES;
				CLANG_WARN_RANGE_LOOP_ANALYSIS = YES;
				CLANG_WARN_STRICT_PROTOTYPES = YES;
				CLANG_WARN_SUSPICIOUS_MOVE = YES;
				CLANG_WARN_UNGUARDED_AVAILABILITY = YES_AGGRESSIVE;
				CLANG_WARN_UNREACHABLE_CODE = YES;
				CLANG_WARN__DUPLICATE_METHOD_MATCH = YES;
				COPY_PHASE_STRIP = NO;
				DEBUG_INFORMATION_FORMAT = "dwarf-with-dsym";
				ENABLE_NS_ASSERTIONS = NO;
				ENABLE_STRICT_OBJC_MSGSEND = YES;
				GCC_C_LANGUAGE_STANDARD = gnu11;
				GCC_NO_COMMON_BLOCKS = YES;
				GCC_WARN_64_TO_32_BIT_CONVERSION = YES;
				GCC_WARN_ABOUT_RETURN_TYPE = YES_ERROR;
				GCC_WARN_UNDECLARED_SELECTOR = YES;
				GCC_WARN_UNINITIALIZED_AUTOS = YES_AGGRESSIVE;
				GCC_WARN_UNUSED_FUNCTION = YES;
				GCC_WARN_UNUSED_VARIABLE = YES;
				IPHONEOS_DEPLOYMENT_TARGET = 16.4;
				MTL_ENABLE_DEBUG_INFO = NO;
				MTL_FAST_MATH = YES;
				SDKROOT = iphoneos;
				SWIFT_COMPILATION_MODE = wholemodule;
				SWIFT_OPTIMIZATION_LEVEL = "-O";
				VALIDATE_PRODUCT = YES;
			};
			name = Release;
		};
		683D20B62ABA5CBB00DF1559 /* Debug */ = {
			isa = XCBuildConfiguration;
			buildSettings = {
				ASSETCATALOG_COMPILER_APPICON_NAME = AppIcon;
				ASSETCATALOG_COMPILER_GLOBAL_ACCENT_COLOR_NAME = AccentColor;
				CODE_SIGN_STYLE = Automatic;
				CURRENT_PROJECT_VERSION = 1;
				DEVELOPMENT_ASSET_PATHS = "\"MapAppSwiftUI/Preview Content\"";
				DEVELOPMENT_TEAM = 732277KLEB;
				ENABLE_PREVIEWS = YES;
				GENERATE_INFOPLIST_FILE = YES;
				INFOPLIST_KEY_UIApplicationSceneManifest_Generation = YES;
				INFOPLIST_KEY_UIApplicationSupportsIndirectInputEvents = YES;
				INFOPLIST_KEY_UILaunchScreen_Generation = YES;
				INFOPLIST_KEY_UISupportedInterfaceOrientations_iPad = "UIInterfaceOrientationPortrait UIInterfaceOrientationPortraitUpsideDown UIInterfaceOrientationLandscapeLeft UIInterfaceOrientationLandscapeRight";
				INFOPLIST_KEY_UISupportedInterfaceOrientations_iPhone = "UIInterfaceOrientationPortrait UIInterfaceOrientationLandscapeLeft UIInterfaceOrientationLandscapeRight";
				LD_RUNPATH_SEARCH_PATHS = (
					"$(inherited)",
					"@executable_path/Frameworks",
				);
				MARKETING_VERSION = 1.0;
				PRODUCT_BUNDLE_IDENTIFIER = br.com.michellicristina.MapAppSwiftUI;
				PRODUCT_NAME = "$(TARGET_NAME)";
				SWIFT_EMIT_LOC_STRINGS = YES;
				SWIFT_VERSION = 5.0;
				TARGETED_DEVICE_FAMILY = "1,2";
			};
			name = Debug;
		};
		683D20B72ABA5CBB00DF1559 /* Release */ = {
			isa = XCBuildConfiguration;
			buildSettings = {
				ASSETCATALOG_COMPILER_APPICON_NAME = AppIcon;
				ASSETCATALOG_COMPILER_GLOBAL_ACCENT_COLOR_NAME = AccentColor;
				CODE_SIGN_STYLE = Automatic;
				CURRENT_PROJECT_VERSION = 1;
				DEVELOPMENT_ASSET_PATHS = "\"MapAppSwiftUI/Preview Content\"";
				DEVELOPMENT_TEAM = 732277KLEB;
				ENABLE_PREVIEWS = YES;
				GENERATE_INFOPLIST_FILE = YES;
				INFOPLIST_KEY_UIApplicationSceneManifest_Generation = YES;
				INFOPLIST_KEY_UIApplicationSupportsIndirectInputEvents = YES;
				INFOPLIST_KEY_UILaunchScreen_Generation = YES;
				INFOPLIST_KEY_UISupportedInterfaceOrientations_iPad = "UIInterfaceOrientationPortrait UIInterfaceOrientationPortraitUpsideDown UIInterfaceOrientationLandscapeLeft UIInterfaceOrientationLandscapeRight";
				INFOPLIST_KEY_UISupportedInterfaceOrientations_iPhone = "UIInterfaceOrientationPortrait UIInterfaceOrientationLandscapeLeft UIInterfaceOrientationLandscapeRight";
				LD_RUNPATH_SEARCH_PATHS = (
					"$(inherited)",
					"@executable_path/Frameworks",
				);
				MARKETING_VERSION = 1.0;
				PRODUCT_BUNDLE_IDENTIFIER = br.com.michellicristina.MapAppSwiftUI;
				PRODUCT_NAME = "$(TARGET_NAME)";
				SWIFT_EMIT_LOC_STRINGS = YES;
				SWIFT_VERSION = 5.0;
				TARGETED_DEVICE_FAMILY = "1,2";
			};
			name = Release;
		};
		683D20B92ABA5CBB00DF1559 /* Debug */ = {
			isa = XCBuildConfiguration;
			buildSettings = {
				ALWAYS_EMBED_SWIFT_STANDARD_LIBRARIES = YES;
				BUNDLE_LOADER = "$(TEST_HOST)";
				CODE_SIGN_STYLE = Automatic;
				CURRENT_PROJECT_VERSION = 1;
				DEVELOPMENT_TEAM = 732277KLEB;
				GENERATE_INFOPLIST_FILE = YES;
				IPHONEOS_DEPLOYMENT_TARGET = 16.4;
				MARKETING_VERSION = 1.0;
				PRODUCT_BUNDLE_IDENTIFIER = br.com.michellicristina.MapAppSwiftUITests;
				PRODUCT_NAME = "$(TARGET_NAME)";
				SWIFT_EMIT_LOC_STRINGS = NO;
				SWIFT_VERSION = 5.0;
				TARGETED_DEVICE_FAMILY = "1,2";
				TEST_HOST = "$(BUILT_PRODUCTS_DIR)/MapAppSwiftUI.app/$(BUNDLE_EXECUTABLE_FOLDER_PATH)/MapAppSwiftUI";
			};
			name = Debug;
		};
		683D20BA2ABA5CBB00DF1559 /* Release */ = {
			isa = XCBuildConfiguration;
			buildSettings = {
				ALWAYS_EMBED_SWIFT_STANDARD_LIBRARIES = YES;
				BUNDLE_LOADER = "$(TEST_HOST)";
				CODE_SIGN_STYLE = Automatic;
				CURRENT_PROJECT_VERSION = 1;
				DEVELOPMENT_TEAM = 732277KLEB;
				GENERATE_INFOPLIST_FILE = YES;
				IPHONEOS_DEPLOYMENT_TARGET = 16.4;
				MARKETING_VERSION = 1.0;
				PRODUCT_BUNDLE_IDENTIFIER = br.com.michellicristina.MapAppSwiftUITests;
				PRODUCT_NAME = "$(TARGET_NAME)";
				SWIFT_EMIT_LOC_STRINGS = NO;
				SWIFT_VERSION = 5.0;
				TARGETED_DEVICE_FAMILY = "1,2";
				TEST_HOST = "$(BUILT_PRODUCTS_DIR)/MapAppSwiftUI.app/$(BUNDLE_EXECUTABLE_FOLDER_PATH)/MapAppSwiftUI";
			};
			name = Release;
		};
		683D20BC2ABA5CBB00DF1559 /* Debug */ = {
			isa = XCBuildConfiguration;
			buildSettings = {
				ALWAYS_EMBED_SWIFT_STANDARD_LIBRARIES = YES;
				CODE_SIGN_STYLE = Automatic;
				CURRENT_PROJECT_VERSION = 1;
				DEVELOPMENT_TEAM = 732277KLEB;
				GENERATE_INFOPLIST_FILE = YES;
				MARKETING_VERSION = 1.0;
				PRODUCT_BUNDLE_IDENTIFIER = br.com.michellicristina.MapAppSwiftUIUITests;
				PRODUCT_NAME = "$(TARGET_NAME)";
				SWIFT_EMIT_LOC_STRINGS = NO;
				SWIFT_VERSION = 5.0;
				TARGETED_DEVICE_FAMILY = "1,2";
				TEST_TARGET_NAME = MapAppSwiftUI;
			};
			name = Debug;
		};
		683D20BD2ABA5CBB00DF1559 /* Release */ = {
			isa = XCBuildConfiguration;
			buildSettings = {
				ALWAYS_EMBED_SWIFT_STANDARD_LIBRARIES = YES;
				CODE_SIGN_STYLE = Automatic;
				CURRENT_PROJECT_VERSION = 1;
				DEVELOPMENT_TEAM = 732277KLEB;
				GENERATE_INFOPLIST_FILE = YES;
				MARKETING_VERSION = 1.0;
				PRODUCT_BUNDLE_IDENTIFIER = br.com.michellicristina.MapAppSwiftUIUITests;
				PRODUCT_NAME = "$(TARGET_NAME)";
				SWIFT_EMIT_LOC_STRINGS = NO;
				SWIFT_VERSION = 5.0;
				TARGETED_DEVICE_FAMILY = "1,2";
				TEST_TARGET_NAME = MapAppSwiftUI;
			};
			name = Release;
		};
/* End XCBuildConfiguration section */

/* Begin XCConfigurationList section */
		683D208C2ABA5CB900DF1559 /* Build configuration list for PBXProject "MapAppSwiftUI" */ = {
			isa = XCConfigurationList;
			buildConfigurations = (
				683D20B32ABA5CBB00DF1559 /* Debug */,
				683D20B42ABA5CBB00DF1559 /* Release */,
			);
			defaultConfigurationIsVisible = 0;
			defaultConfigurationName = Release;
		};
		683D20B52ABA5CBB00DF1559 /* Build configuration list for PBXNativeTarget "MapAppSwiftUI" */ = {
			isa = XCConfigurationList;
			buildConfigurations = (
				683D20B62ABA5CBB00DF1559 /* Debug */,
				683D20B72ABA5CBB00DF1559 /* Release */,
			);
			defaultConfigurationIsVisible = 0;
			defaultConfigurationName = Release;
		};
		683D20B82ABA5CBB00DF1559 /* Build configuration list for PBXNativeTarget "MapAppSwiftUITests" */ = {
			isa = XCConfigurationList;
			buildConfigurations = (
				683D20B92ABA5CBB00DF1559 /* Debug */,
				683D20BA2ABA5CBB00DF1559 /* Release */,
			);
			defaultConfigurationIsVisible = 0;
			defaultConfigurationName = Release;
		};
		683D20BB2ABA5CBB00DF1559 /* Build configuration list for PBXNativeTarget "MapAppSwiftUIUITests" */ = {
			isa = XCConfigurationList;
			buildConfigurations = (
				683D20BC2ABA5CBB00DF1559 /* Debug */,
				683D20BD2ABA5CBB00DF1559 /* Release */,
			);
			defaultConfigurationIsVisible = 0;
			defaultConfigurationName = Release;
		};
/* End XCConfigurationList section */
	};
	rootObject = 683D20892ABA5CB900DF1559 /* Project object */;
}
